// !$*UTF8*$!
{
	archiveVersion = 1;
	classes = {
	};
	objectVersion = 56;
	objects = {

/* Begin PBXBuildFile section */
		59528E4429FD1A8200EDF5A4 /* MarkdownLoader.swift in Sources */ = {isa = PBXBuildFile; fileRef = 59528E4329FD1A8200EDF5A4 /* MarkdownLoader.swift */; };
		59528E4629FD1D2900EDF5A4 /* Example.md in Resources */ = {isa = PBXBuildFile; fileRef = 59528E4529FD1C9300EDF5A4 /* Example.md */; };
		59617EFC29FC209A00D7CC08 /* ContentView.swift in Sources */ = {isa = PBXBuildFile; fileRef = 59617EF529FC209900D7CC08 /* ContentView.swift */; };
		59617EFE29FC209A00D7CC08 /* LetterPredictionView.swift in Sources */ = {isa = PBXBuildFile; fileRef = 59617EF729FC209900D7CC08 /* LetterPredictionView.swift */; };
		59617EFF29FC209A00D7CC08 /* ASLHandPoseClassifier.mlmodel in Sources */ = {isa = PBXBuildFile; fileRef = 59617EF929FC209A00D7CC08 /* ASLHandPoseClassifier.mlmodel */; };
		59617F0029FC209A00D7CC08 /* ASLModel.swift in Sources */ = {isa = PBXBuildFile; fileRef = 59617EFA29FC209A00D7CC08 /* ASLModel.swift */; };
		59617F0129FC209A00D7CC08 /* CameraView.swift in Sources */ = {isa = PBXBuildFile; fileRef = 59617EFB29FC209A00D7CC08 /* CameraView.swift */; };
		59617F0329FC288500D7CC08 /* SidebarTabs.swift in Sources */ = {isa = PBXBuildFile; fileRef = 59617F0229FC288500D7CC08 /* SidebarTabs.swift */; };
		59617F0529FC2A9400D7CC08 /* ImagePickerButton.swift in Sources */ = {isa = PBXBuildFile; fileRef = 59617F0429FC2A9400D7CC08 /* ImagePickerButton.swift */; };
		59617F0929FC2CB200D7CC08 /* BirdImageClassifier.mlmodel in Sources */ = {isa = PBXBuildFile; fileRef = 59617F0729FC2CB200D7CC08 /* BirdImageClassifier.mlmodel */; };
		5964594529FAA06D00847F7F /* CreateMLDemoApp.swift in Sources */ = {isa = PBXBuildFile; fileRef = 5964594429FAA06D00847F7F /* CreateMLDemoApp.swift */; };
		5964594929FAA07200847F7F /* Assets.xcassets in Resources */ = {isa = PBXBuildFile; fileRef = 5964594829FAA07200847F7F /* Assets.xcassets */; };
		5964594C29FAA07200847F7F /* Preview Assets.xcassets in Resources */ = {isa = PBXBuildFile; fileRef = 5964594B29FAA07200847F7F /* Preview Assets.xcassets */; };
		5964595429FAA0E400847F7F /* BirdImageClassification.swift in Sources */ = {isa = PBXBuildFile; fileRef = 5964595329FAA0E400847F7F /* BirdImageClassification.swift */; };
		5964595829FAA21000847F7F /* SidebarView.swift in Sources */ = {isa = PBXBuildFile; fileRef = 5964595729FAA21000847F7F /* SidebarView.swift */; };
		599D93D429FE855200D7B161 /* BirdPrediction.swift in Sources */ = {isa = PBXBuildFile; fileRef = 599D93D329FE855200D7B161 /* BirdPrediction.swift */; };
		59B0DCF329FC414500C29BC8 /* Strings.swift in Sources */ = {isa = PBXBuildFile; fileRef = 59B0DCF229FC414500C29BC8 /* Strings.swift */; };
		59B0DCF529FC427700C29BC8 /* DocumenationText.swift in Sources */ = {isa = PBXBuildFile; fileRef = 59B0DCF429FC427700C29BC8 /* DocumenationText.swift */; };
		59B0DCF729FC4AD500C29BC8 /* SupportingMatter.swift in Sources */ = {isa = PBXBuildFile; fileRef = 59B0DCF629FC4AD500C29BC8 /* SupportingMatter.swift */; };
		59B0DCF929FC621800C29BC8 /* CapsuleFillBar.swift in Sources */ = {isa = PBXBuildFile; fileRef = 59B0DCF829FC621800C29BC8 /* CapsuleFillBar.swift */; };
		59B0DCFB29FC623F00C29BC8 /* BirdClassificationModel.swift in Sources */ = {isa = PBXBuildFile; fileRef = 59B0DCFA29FC623F00C29BC8 /* BirdClassificationModel.swift */; };
/* End PBXBuildFile section */

/* Begin PBXFileReference section */
		59528E4329FD1A8200EDF5A4 /* MarkdownLoader.swift */ = {isa = PBXFileReference; lastKnownFileType = sourcecode.swift; path = MarkdownLoader.swift; sourceTree = "<group>"; };
		59528E4529FD1C9300EDF5A4 /* Example.md */ = {isa = PBXFileReference; lastKnownFileType = net.daringfireball.markdown; path = Example.md; sourceTree = "<group>"; };
		59617EF529FC209900D7CC08 /* ContentView.swift */ = {isa = PBXFileReference; fileEncoding = 4; lastKnownFileType = sourcecode.swift; path = ContentView.swift; sourceTree = "<group>"; };
		59617EF729FC209900D7CC08 /* LetterPredictionView.swift */ = {isa = PBXFileReference; fileEncoding = 4; lastKnownFileType = sourcecode.swift; path = LetterPredictionView.swift; sourceTree = "<group>"; };
		59617EF929FC209A00D7CC08 /* ASLHandPoseClassifier.mlmodel */ = {isa = PBXFileReference; lastKnownFileType = file.mlmodel; path = ASLHandPoseClassifier.mlmodel; sourceTree = "<group>"; };
		59617EFA29FC209A00D7CC08 /* ASLModel.swift */ = {isa = PBXFileReference; fileEncoding = 4; lastKnownFileType = sourcecode.swift; path = ASLModel.swift; sourceTree = "<group>"; };
		59617EFB29FC209A00D7CC08 /* CameraView.swift */ = {isa = PBXFileReference; fileEncoding = 4; lastKnownFileType = sourcecode.swift; path = CameraView.swift; sourceTree = "<group>"; };
		59617F0229FC288500D7CC08 /* SidebarTabs.swift */ = {isa = PBXFileReference; lastKnownFileType = sourcecode.swift; path = SidebarTabs.swift; sourceTree = "<group>"; };
		59617F0429FC2A9400D7CC08 /* ImagePickerButton.swift */ = {isa = PBXFileReference; lastKnownFileType = sourcecode.swift; path = ImagePickerButton.swift; sourceTree = "<group>"; };
		59617F0729FC2CB200D7CC08 /* BirdImageClassifier.mlmodel */ = {isa = PBXFileReference; lastKnownFileType = file.mlmodel; path = BirdImageClassifier.mlmodel; sourceTree = "<group>"; };
		5964594129FAA06D00847F7F /* CreateMLDemo.app */ = {isa = PBXFileReference; explicitFileType = wrapper.application; includeInIndex = 0; path = CreateMLDemo.app; sourceTree = BUILT_PRODUCTS_DIR; };
		5964594429FAA06D00847F7F /* CreateMLDemoApp.swift */ = {isa = PBXFileReference; lastKnownFileType = sourcecode.swift; path = CreateMLDemoApp.swift; sourceTree = "<group>"; };
		5964594829FAA07200847F7F /* Assets.xcassets */ = {isa = PBXFileReference; lastKnownFileType = folder.assetcatalog; path = Assets.xcassets; sourceTree = "<group>"; };
		5964594B29FAA07200847F7F /* Preview Assets.xcassets */ = {isa = PBXFileReference; lastKnownFileType = folder.assetcatalog; path = "Preview Assets.xcassets"; sourceTree = "<group>"; };
		5964594D29FAA07200847F7F /* CreateMLDemo.entitlements */ = {isa = PBXFileReference; lastKnownFileType = text.plist.entitlements; path = CreateMLDemo.entitlements; sourceTree = "<group>"; };
		5964595329FAA0E400847F7F /* BirdImageClassification.swift */ = {isa = PBXFileReference; lastKnownFileType = sourcecode.swift; path = BirdImageClassification.swift; sourceTree = "<group>"; };
		5964595729FAA21000847F7F /* SidebarView.swift */ = {isa = PBXFileReference; lastKnownFileType = sourcecode.swift; path = SidebarView.swift; sourceTree = "<group>"; };
		599D93D329FE855200D7B161 /* BirdPrediction.swift */ = {isa = PBXFileReference; lastKnownFileType = sourcecode.swift; path = BirdPrediction.swift; sourceTree = "<group>"; };
		599D93D529FE857700D7B161 /* Introduction.md */ = {isa = PBXFileReference; lastKnownFileType = net.daringfireball.markdown; path = Introduction.md; sourceTree = "<group>"; };
		59B0DCF229FC414500C29BC8 /* Strings.swift */ = {isa = PBXFileReference; lastKnownFileType = sourcecode.swift; path = Strings.swift; sourceTree = "<group>"; };
		59B0DCF429FC427700C29BC8 /* DocumenationText.swift */ = {isa = PBXFileReference; lastKnownFileType = sourcecode.swift; path = DocumenationText.swift; sourceTree = "<group>"; };
		59B0DCF629FC4AD500C29BC8 /* SupportingMatter.swift */ = {isa = PBXFileReference; lastKnownFileType = sourcecode.swift; path = SupportingMatter.swift; sourceTree = "<group>"; };
		59B0DCF829FC621800C29BC8 /* CapsuleFillBar.swift */ = {isa = PBXFileReference; lastKnownFileType = sourcecode.swift; path = CapsuleFillBar.swift; sourceTree = "<group>"; };
		59B0DCFA29FC623F00C29BC8 /* BirdClassificationModel.swift */ = {isa = PBXFileReference; lastKnownFileType = sourcecode.swift; path = BirdClassificationModel.swift; sourceTree = "<group>"; };
/* End PBXFileReference section */

/* Begin PBXFrameworksBuildPhase section */
		5964593E29FAA06D00847F7F /* Frameworks */ = {
			isa = PBXFrameworksBuildPhase;
			buildActionMask = 2147483647;
			files = (
			);
			runOnlyForDeploymentPostprocessing = 0;
		};
/* End PBXFrameworksBuildPhase section */

/* Begin PBXGroup section */
		59617EE529FC1D1300D7CC08 /* BirdImageClassification */ = {
			isa = PBXGroup;
			children = (
				5964595329FAA0E400847F7F /* BirdImageClassification.swift */,
				599D93D329FE855200D7B161 /* BirdPrediction.swift */,
				59617F0429FC2A9400D7CC08 /* ImagePickerButton.swift */,
				59617F0629FC2CB200D7CC08 /* Resources */,
				59B0DCFA29FC623F00C29BC8 /* BirdClassificationModel.swift */,
			);
			path = BirdImageClassification;
			sourceTree = "<group>";
		};
		59617EE629FC1D1F00D7CC08 /* HandGestureRecognition */ = {
			isa = PBXGroup;
			children = (
				59617EFA29FC209A00D7CC08 /* ASLModel.swift */,
				59617EFB29FC209A00D7CC08 /* CameraView.swift */,
				59617EF529FC209900D7CC08 /* ContentView.swift */,
				59B0DCF629FC4AD500C29BC8 /* SupportingMatter.swift */,
				59617EF729FC209900D7CC08 /* LetterPredictionView.swift */,
				59617EF829FC209A00D7CC08 /* Resources */,
			);
			path = HandGestureRecognition;
			sourceTree = "<group>";
		};
		59617EF829FC209A00D7CC08 /* Resources */ = {
			isa = PBXGroup;
			children = (
				59617EF929FC209A00D7CC08 /* ASLHandPoseClassifier.mlmodel */,
				599D93D529FE857700D7B161 /* Introduction.md */,
			);
			path = Resources;
			sourceTree = "<group>";
		};
		59617F0629FC2CB200D7CC08 /* Resources */ = {
			isa = PBXGroup;
			children = (
				59617F0729FC2CB200D7CC08 /* BirdImageClassifier.mlmodel */,
				59528E4529FD1C9300EDF5A4 /* Example.md */,
				59B0DCF229FC414500C29BC8 /* Strings.swift */,
			);
			path = Resources;
			sourceTree = "<group>";
		};
		5964593829FAA06C00847F7F = {
			isa = PBXGroup;
			children = (
				5964594329FAA06D00847F7F /* CreateMLDemo */,
				5964594229FAA06D00847F7F /* Products */,
			);
			sourceTree = "<group>";
		};
		5964594229FAA06D00847F7F /* Products */ = {
			isa = PBXGroup;
			children = (
				5964594129FAA06D00847F7F /* CreateMLDemo.app */,
			);
			name = Products;
			sourceTree = "<group>";
		};
		5964594329FAA06D00847F7F /* CreateMLDemo */ = {
			isa = PBXGroup;
			children = (
				5964595929FAA32B00847F7F /* Features */,
				5964594429FAA06D00847F7F /* CreateMLDemoApp.swift */,
				59B0DCF829FC621800C29BC8 /* CapsuleFillBar.swift */,
				59B0DCF429FC427700C29BC8 /* DocumenationText.swift */,
				59528E4329FD1A8200EDF5A4 /* MarkdownLoader.swift */,
				5964595729FAA21000847F7F /* SidebarView.swift */,
				59617F0229FC288500D7CC08 /* SidebarTabs.swift */,
				5964594829FAA07200847F7F /* Assets.xcassets */,
				5964594D29FAA07200847F7F /* CreateMLDemo.entitlements */,
				5964594A29FAA07200847F7F /* Preview Content */,
			);
			path = CreateMLDemo;
			sourceTree = "<group>";
		};
		5964594A29FAA07200847F7F /* Preview Content */ = {
			isa = PBXGroup;
			children = (
				5964594B29FAA07200847F7F /* Preview Assets.xcassets */,
			);
			path = "Preview Content";
			sourceTree = "<group>";
		};
		5964595929FAA32B00847F7F /* Features */ = {
			isa = PBXGroup;
			children = (
				599D93D629FE863500D7B161 /* IntroductionToML */,
				59617EE529FC1D1300D7CC08 /* BirdImageClassification */,
				59617EE629FC1D1F00D7CC08 /* HandGestureRecognition */,
			);
			path = Features;
			sourceTree = "<group>";
		};
		599D93D629FE863500D7B161 /* IntroductionToML */ = {
			isa = PBXGroup;
			children = (
			);
			path = IntroductionToML;
			sourceTree = "<group>";
		};
/* End PBXGroup section */

/* Begin PBXNativeTarget section */
		5964594029FAA06D00847F7F /* CreateMLDemo */ = {
			isa = PBXNativeTarget;
			buildConfigurationList = 5964595029FAA07200847F7F /* Build configuration list for PBXNativeTarget "CreateMLDemo" */;
			buildPhases = (
				5964593D29FAA06D00847F7F /* Sources */,
				5964593E29FAA06D00847F7F /* Frameworks */,
				5964593F29FAA06D00847F7F /* Resources */,
				59617F0B29FC36B600D7CC08 /* SwiftLint */,
			);
			buildRules = (
			);
			dependencies = (
			);
			name = CreateMLDemo;
			productName = CreateMLDemo;
			productReference = 5964594129FAA06D00847F7F /* CreateMLDemo.app */;
			productType = "com.apple.product-type.application";
		};
/* End PBXNativeTarget section */

/* Begin PBXProject section */
		5964593929FAA06C00847F7F /* Project object */ = {
			isa = PBXProject;
			attributes = {
				BuildIndependentTargetsInParallel = 1;
				LastSwiftUpdateCheck = 1430;
				LastUpgradeCheck = 1430;
				TargetAttributes = {
					5964594029FAA06D00847F7F = {
						CreatedOnToolsVersion = 14.3;
					};
				};
			};
			buildConfigurationList = 5964593C29FAA06C00847F7F /* Build configuration list for PBXProject "CreateMLDemo" */;
			compatibilityVersion = "Xcode 14.0";
			developmentRegion = en;
			hasScannedForEncodings = 0;
			knownRegions = (
				en,
				Base,
			);
			mainGroup = 5964593829FAA06C00847F7F;
			productRefGroup = 5964594229FAA06D00847F7F /* Products */;
			projectDirPath = "";
			projectRoot = "";
			targets = (
				5964594029FAA06D00847F7F /* CreateMLDemo */,
			);
		};
/* End PBXProject section */

/* Begin PBXResourcesBuildPhase section */
		5964593F29FAA06D00847F7F /* Resources */ = {
			isa = PBXResourcesBuildPhase;
			buildActionMask = 2147483647;
			files = (
				5964594C29FAA07200847F7F /* Preview Assets.xcassets in Resources */,
				59528E4629FD1D2900EDF5A4 /* Example.md in Resources */,
				5964594929FAA07200847F7F /* Assets.xcassets in Resources */,
			);
			runOnlyForDeploymentPostprocessing = 0;
		};
/* End PBXResourcesBuildPhase section */

/* Begin PBXShellScriptBuildPhase section */
		59617F0B29FC36B600D7CC08 /* SwiftLint */ = {
			isa = PBXShellScriptBuildPhase;
			alwaysOutOfDate = 1;
			buildActionMask = 2147483647;
			files = (
			);
			inputFileListPaths = (
			);
			inputPaths = (
			);
			name = SwiftLint;
			outputFileListPaths = (
			);
			outputPaths = (
			);
			runOnlyForDeploymentPostprocessing = 0;
			shellPath = /bin/sh;
			shellScript = "if [[ \"$(uname -m)\" == arm64 ]]; then\n    export PATH=\"/opt/homebrew/bin:$PATH\"\nfi\n\nif which swiftlint > /dev/null; then\n  swiftlint --fix\n  swiftlint\nelse\n  echo \"warning: SwiftLint not installed, download from https://github.com/realm/SwiftLint\"\nfi\n";
			showEnvVarsInLog = 0;
		};
/* End PBXShellScriptBuildPhase section */

/* Begin PBXSourcesBuildPhase section */
		5964593D29FAA06D00847F7F /* Sources */ = {
			isa = PBXSourcesBuildPhase;
			buildActionMask = 2147483647;
			files = (
				5964595429FAA0E400847F7F /* BirdImageClassification.swift in Sources */,
				59617F0929FC2CB200D7CC08 /* BirdImageClassifier.mlmodel in Sources */,
				59617F0529FC2A9400D7CC08 /* ImagePickerButton.swift in Sources */,
				59617EFF29FC209A00D7CC08 /* ASLHandPoseClassifier.mlmodel in Sources */,
				59617F0029FC209A00D7CC08 /* ASLModel.swift in Sources */,
				59617F0129FC209A00D7CC08 /* CameraView.swift in Sources */,
				59B0DCFB29FC623F00C29BC8 /* BirdClassificationModel.swift in Sources */,
				59B0DCF529FC427700C29BC8 /* DocumenationText.swift in Sources */,
				59B0DCF929FC621800C29BC8 /* CapsuleFillBar.swift in Sources */,
				599D93D429FE855200D7B161 /* BirdPrediction.swift in Sources */,
				59528E4429FD1A8200EDF5A4 /* MarkdownLoader.swift in Sources */,
				59617EFE29FC209A00D7CC08 /* LetterPredictionView.swift in Sources */,
				59617EFC29FC209A00D7CC08 /* ContentView.swift in Sources */,
				5964595829FAA21000847F7F /* SidebarView.swift in Sources */,
				59617F0329FC288500D7CC08 /* SidebarTabs.swift in Sources */,
				59B0DCF729FC4AD500C29BC8 /* SupportingMatter.swift in Sources */,
				59B0DCF329FC414500C29BC8 /* Strings.swift in Sources */,
				5964594529FAA06D00847F7F /* CreateMLDemoApp.swift in Sources */,
			);
			runOnlyForDeploymentPostprocessing = 0;
		};
/* End PBXSourcesBuildPhase section */

/* Begin XCBuildConfiguration section */
		5964594E29FAA07200847F7F /* Debug */ = {
			isa = XCBuildConfiguration;
			buildSettings = {
				ALWAYS_SEARCH_USER_PATHS = NO;
				CLANG_ANALYZER_NONNULL = YES;
				CLANG_ANALYZER_NUMBER_OBJECT_CONVERSION = YES_AGGRESSIVE;
				CLANG_CXX_LANGUAGE_STANDARD = "gnu++20";
				CLANG_ENABLE_MODULES = YES;
				CLANG_ENABLE_OBJC_ARC = YES;
				CLANG_ENABLE_OBJC_WEAK = YES;
				CLANG_WARN_BLOCK_CAPTURE_AUTORELEASING = YES;
				CLANG_WARN_BOOL_CONVERSION = YES;
				CLANG_WARN_COMMA = YES;
				CLANG_WARN_CONSTANT_CONVERSION = YES;
				CLANG_WARN_DEPRECATED_OBJC_IMPLEMENTATIONS = YES;
				CLANG_WARN_DIRECT_OBJC_ISA_USAGE = YES_ERROR;
				CLANG_WARN_DOCUMENTATION_COMMENTS = YES;
				CLANG_WARN_EMPTY_BODY = YES;
				CLANG_WARN_ENUM_CONVERSION = YES;
				CLANG_WARN_INFINITE_RECURSION = YES;
				CLANG_WARN_INT_CONVERSION = YES;
				CLANG_WARN_NON_LITERAL_NULL_CONVERSION = YES;
				CLANG_WARN_OBJC_IMPLICIT_RETAIN_SELF = YES;
				CLANG_WARN_OBJC_LITERAL_CONVERSION = YES;
				CLANG_WARN_OBJC_ROOT_CLASS = YES_ERROR;
				CLANG_WARN_QUOTED_INCLUDE_IN_FRAMEWORK_HEADER = YES;
				CLANG_WARN_RANGE_LOOP_ANALYSIS = YES;
				CLANG_WARN_STRICT_PROTOTYPES = YES;
				CLANG_WARN_SUSPICIOUS_MOVE = YES;
				CLANG_WARN_UNGUARDED_AVAILABILITY = YES_AGGRESSIVE;
				CLANG_WARN_UNREACHABLE_CODE = YES;
				CLANG_WARN__DUPLICATE_METHOD_MATCH = YES;
				COPY_PHASE_STRIP = NO;
				DEBUG_INFORMATION_FORMAT = dwarf;
				ENABLE_STRICT_OBJC_MSGSEND = YES;
				ENABLE_TESTABILITY = YES;
				GCC_C_LANGUAGE_STANDARD = gnu11;
				GCC_DYNAMIC_NO_PIC = NO;
				GCC_NO_COMMON_BLOCKS = YES;
				GCC_OPTIMIZATION_LEVEL = 0;
				GCC_PREPROCESSOR_DEFINITIONS = (
					"DEBUG=1",
					"$(inherited)",
				);
				GCC_WARN_64_TO_32_BIT_CONVERSION = YES;
				GCC_WARN_ABOUT_RETURN_TYPE = YES_ERROR;
				GCC_WARN_UNDECLARED_SELECTOR = YES;
				GCC_WARN_UNINITIALIZED_AUTOS = YES_AGGRESSIVE;
				GCC_WARN_UNUSED_FUNCTION = YES;
				GCC_WARN_UNUSED_VARIABLE = YES;
				MACOSX_DEPLOYMENT_TARGET = 13.0;
				MTL_ENABLE_DEBUG_INFO = INCLUDE_SOURCE;
				MTL_FAST_MATH = YES;
				ONLY_ACTIVE_ARCH = YES;
				SDKROOT = macosx;
				SWIFT_ACTIVE_COMPILATION_CONDITIONS = DEBUG;
				SWIFT_OPTIMIZATION_LEVEL = "-Onone";
			};
			name = Debug;
		};
		5964594F29FAA07200847F7F /* Release */ = {
			isa = XCBuildConfiguration;
			buildSettings = {
				ALWAYS_SEARCH_USER_PATHS = NO;
				CLANG_ANALYZER_NONNULL = YES;
				CLANG_ANALYZER_NUMBER_OBJECT_CONVERSION = YES_AGGRESSIVE;
				CLANG_CXX_LANGUAGE_STANDARD = "gnu++20";
				CLANG_ENABLE_MODULES = YES;
				CLANG_ENABLE_OBJC_ARC = YES;
				CLANG_ENABLE_OBJC_WEAK = YES;
				CLANG_WARN_BLOCK_CAPTURE_AUTORELEASING = YES;
				CLANG_WARN_BOOL_CONVERSION = YES;
				CLANG_WARN_COMMA = YES;
				CLANG_WARN_CONSTANT_CONVERSION = YES;
				CLANG_WARN_DEPRECATED_OBJC_IMPLEMENTATIONS = YES;
				CLANG_WARN_DIRECT_OBJC_ISA_USAGE = YES_ERROR;
				CLANG_WARN_DOCUMENTATION_COMMENTS = YES;
				CLANG_WARN_EMPTY_BODY = YES;
				CLANG_WARN_ENUM_CONVERSION = YES;
				CLANG_WARN_INFINITE_RECURSION = YES;
				CLANG_WARN_INT_CONVERSION = YES;
				CLANG_WARN_NON_LITERAL_NULL_CONVERSION = YES;
				CLANG_WARN_OBJC_IMPLICIT_RETAIN_SELF = YES;
				CLANG_WARN_OBJC_LITERAL_CONVERSION = YES;
				CLANG_WARN_OBJC_ROOT_CLASS = YES_ERROR;
				CLANG_WARN_QUOTED_INCLUDE_IN_FRAMEWORK_HEADER = YES;
				CLANG_WARN_RANGE_LOOP_ANALYSIS = YES;
				CLANG_WARN_STRICT_PROTOTYPES = YES;
				CLANG_WARN_SUSPICIOUS_MOVE = YES;
				CLANG_WARN_UNGUARDED_AVAILABILITY = YES_AGGRESSIVE;
				CLANG_WARN_UNREACHABLE_CODE = YES;
				CLANG_WARN__DUPLICATE_METHOD_MATCH = YES;
				COPY_PHASE_STRIP = NO;
				DEBUG_INFORMATION_FORMAT = "dwarf-with-dsym";
				ENABLE_NS_ASSERTIONS = NO;
				ENABLE_STRICT_OBJC_MSGSEND = YES;
				GCC_C_LANGUAGE_STANDARD = gnu11;
				GCC_NO_COMMON_BLOCKS = YES;
				GCC_WARN_64_TO_32_BIT_CONVERSION = YES;
				GCC_WARN_ABOUT_RETURN_TYPE = YES_ERROR;
				GCC_WARN_UNDECLARED_SELECTOR = YES;
				GCC_WARN_UNINITIALIZED_AUTOS = YES_AGGRESSIVE;
				GCC_WARN_UNUSED_FUNCTION = YES;
				GCC_WARN_UNUSED_VARIABLE = YES;
				MACOSX_DEPLOYMENT_TARGET = 13.0;
				MTL_ENABLE_DEBUG_INFO = NO;
				MTL_FAST_MATH = YES;
				SDKROOT = macosx;
				SWIFT_COMPILATION_MODE = wholemodule;
				SWIFT_OPTIMIZATION_LEVEL = "-O";
			};
			name = Release;
		};
		5964595129FAA07200847F7F /* Debug */ = {
			isa = XCBuildConfiguration;
			buildSettings = {
				ASSETCATALOG_COMPILER_APPICON_NAME = AppIcon;
				ASSETCATALOG_COMPILER_GLOBAL_ACCENT_COLOR_NAME = AccentColor;
				CODE_SIGN_ENTITLEMENTS = CreateMLDemo/CreateMLDemo.entitlements;
				"CODE_SIGN_IDENTITY[sdk=macosx*]" = "-";
				CODE_SIGN_STYLE = Manual;
				COMBINE_HIDPI_IMAGES = YES;
				CURRENT_PROJECT_VERSION = 1;
				DEVELOPMENT_ASSET_PATHS = "\"CreateMLDemo/Preview Content\"";
				DEVELOPMENT_TEAM = "";
				"DEVELOPMENT_TEAM[sdk=macosx*]" = C9Q3ULUV86;
				ENABLE_HARDENED_RUNTIME = YES;
				ENABLE_PREVIEWS = YES;
				GENERATE_INFOPLIST_FILE = YES;
				INFOPLIST_KEY_NSCameraUsageDescription = "To use this app we require access to the camera.";
				INFOPLIST_KEY_NSHumanReadableCopyright = "";
				LD_RUNPATH_SEARCH_PATHS = (
					"$(inherited)",
					"@executable_path/../Frameworks",
				);
				MARKETING_VERSION = 1.0;
				PRODUCT_BUNDLE_IDENTIFIER = mfisher.CreateMLDemo;
				PRODUCT_NAME = "$(TARGET_NAME)";
				PROVISIONING_PROFILE_SPECIFIER = "";
				SWIFT_EMIT_LOC_STRINGS = YES;
				SWIFT_VERSION = 5.0;
			};
			name = Debug;
		};
		5964595229FAA07200847F7F /* Release */ = {
			isa = XCBuildConfiguration;
			buildSettings = {
				ASSETCATALOG_COMPILER_APPICON_NAME = AppIcon;
				ASSETCATALOG_COMPILER_GLOBAL_ACCENT_COLOR_NAME = AccentColor;
				CODE_SIGN_ENTITLEMENTS = CreateMLDemo/CreateMLDemo.entitlements;
				"CODE_SIGN_IDENTITY[sdk=macosx*]" = "-";
				CODE_SIGN_STYLE = Manual;
				COMBINE_HIDPI_IMAGES = YES;
				CURRENT_PROJECT_VERSION = 1;
				DEVELOPMENT_ASSET_PATHS = "\"CreateMLDemo/Preview Content\"";
				DEVELOPMENT_TEAM = "";
				"DEVELOPMENT_TEAM[sdk=macosx*]" = C9Q3ULUV86;
				ENABLE_HARDENED_RUNTIME = YES;
				ENABLE_PREVIEWS = YES;
				GENERATE_INFOPLIST_FILE = YES;
				INFOPLIST_KEY_NSCameraUsageDescription = "To use this app we require access to the camera.";
				INFOPLIST_KEY_NSHumanReadableCopyright = "";
				LD_RUNPATH_SEARCH_PATHS = (
					"$(inherited)",
					"@executable_path/../Frameworks",
				);
				MARKETING_VERSION = 1.0;
				PRODUCT_BUNDLE_IDENTIFIER = mfisher.CreateMLDemo;
				PRODUCT_NAME = "$(TARGET_NAME)";
				PROVISIONING_PROFILE_SPECIFIER = "";
				SWIFT_EMIT_LOC_STRINGS = YES;
				SWIFT_VERSION = 5.0;
			};
			name = Release;
		};
/* End XCBuildConfiguration section */

/* Begin XCConfigurationList section */
		5964593C29FAA06C00847F7F /* Build configuration list for PBXProject "CreateMLDemo" */ = {
			isa = XCConfigurationList;
			buildConfigurations = (
				5964594E29FAA07200847F7F /* Debug */,
				5964594F29FAA07200847F7F /* Release */,
			);
			defaultConfigurationIsVisible = 0;
			defaultConfigurationName = Release;
		};
		5964595029FAA07200847F7F /* Build configuration list for PBXNativeTarget "CreateMLDemo" */ = {
			isa = XCConfigurationList;
			buildConfigurations = (
				5964595129FAA07200847F7F /* Debug */,
				5964595229FAA07200847F7F /* Release */,
			);
			defaultConfigurationIsVisible = 0;
			defaultConfigurationName = Release;
		};
/* End XCConfigurationList section */
	};
	rootObject = 5964593929FAA06C00847F7F /* Project object */;
}
